
Microsoft Visual Studio Solution File, Format Version 12.00
# Visual Studio Version 17
VisualStudioVersion = 17.4.33122.133
MinimumVisualStudioVersion = 10.0.40219.1
Project("{9A19103F-16F7-4668-BE54-9A1E7A4F7556}") = "EmailService", "EmailService\EmailService.csproj", "{51C034BA-432E-4B43-85C8-FF4D074A7917}"
EndProject
Project("{9A19103F-16F7-4668-BE54-9A1E7A4F7556}") = "FuntionTester", "FuntionTester\FuntionTester.csproj", "{C4E07138-B951-447A-9C8B-C3F6BBB6D1F3}"
EndProject
Project("{FAE04EC0-301F-11D3-BF4B-00C04F79EFBC}") = "EmailReceiverService", "EmailReceiverService\EmailReceiverService.csproj", "{47BE31B6-85AE-4F9C-9BB4-3D6EB1EF18FA}"
EndProject
Global
	GlobalSection(SolutionConfigurationPlatforms) = preSolution
		Debug|Any CPU = Debug|Any CPU
		Release|Any CPU = Release|Any CPU
	EndGlobalSection
	GlobalSection(ProjectConfigurationPlatforms) = postSolution
		{51C034BA-432E-4B43-85C8-FF4D074A7917}.Debug|Any CPU.ActiveCfg = Debug|Any CPU
		{51C034BA-432E-4B43-85C8-FF4D074A7917}.Debug|Any CPU.Build.0 = Debug|Any CPU
		{51C034BA-432E-4B43-85C8-FF4D074A7917}.Release|Any CPU.ActiveCfg = Release|Any CPU
		{51C034BA-432E-4B43-85C8-FF4D074A7917}.Release|Any CPU.Build.0 = Release|Any CPU
		{C4E07138-B951-447A-9C8B-C3F6BBB6D1F3}.Debug|Any CPU.ActiveCfg = Debug|Any CPU
		{C4E07138-B951-447A-9C8B-C3F6BBB6D1F3}.Debug|Any CPU.Build.0 = Debug|Any CPU
		{C4E07138-B951-447A-9C8B-C3F6BBB6D1F3}.Release|Any CPU.ActiveCfg = Release|Any CPU
		{C4E07138-B951-447A-9C8B-C3F6BBB6D1F3}.Release|Any CPU.Build.0 = Release|Any CPU
		{47BE31B6-85AE-4F9C-9BB4-3D6EB1EF18FA}.Debug|Any CPU.ActiveCfg = Debug|Any CPU
		{47BE31B6-85AE-4F9C-9BB4-3D6EB1EF18FA}.Debug|Any CPU.Build.0 = Debug|Any CPU
		{47BE31B6-85AE-4F9C-9BB4-3D6EB1EF18FA}.Release|Any CPU.ActiveCfg = Release|Any CPU
		{47BE31B6-85AE-4F9C-9BB4-3D6EB1EF18FA}.Release|Any CPU.Build.0 = Release|Any CPU
	EndGlobalSection
	GlobalSection(SolutionProperties) = preSolution
		HideSolutionNode = FALSE
	EndGlobalSection
	GlobalSection(ExtensibilityGlobals) = postSolution
		SolutionGuid = {D203C292-9A53-46D3-A2A5-A67CFD3430FC}
	EndGlobalSection
EndGlobal
